Microsoft Visual Studio Solution File, Format Version 12.00
# Visual Studio Version 17
VisualStudioVersion = 17.0.31903.59
MinimumVisualStudioVersion = 10.0.40219.1
Project("{FAE04EC0-301F-11D3-BF4B-00C04F79EFBC}") = "Pr2.ModulesAndDi", "src\Pr2.ModulesAndDi\Pr2.ModulesAndDi.csproj", "{2B2AF17A-2A62-4B2B-B8A8-4ED4E70E5D0B}"
EndProject
Project("{FAE04EC0-301F-11D3-BF4B-00C04F79EFBC}") = "Pr2.ModulesAndDi.Tests", "tests\Pr2.ModulesAndDi.Tests\Pr2.ModulesAndDi.Tests.csproj", "{E62F2144-3F50-4D72-9AC8-9D6B4B9CF1E0}"
EndProject
Global
	GlobalSection(SolutionConfigurationPlatforms) = preSolution
		Debug|Any CPU = Debug|Any CPU
		Release|Any CPU = Release|Any CPU
	EndGlobalSection
	GlobalSection(ProjectConfigurationPlatforms) = postSolution
		{2B2AF17A-2A62-4B2B-B8A8-4ED4E70E5D0B}.Debug|Any CPU.ActiveCfg = Debug|Any CPU
		{2B2AF17A-2A62-4B2B-B8A8-4ED4E70E5D0B}.Debug|Any CPU.Build.0 = Debug|Any CPU
		{2B2AF17A-2A62-4B2B-B8A8-4ED4E70E5D0B}.Release|Any CPU.ActiveCfg = Release|Any CPU
		{2B2AF17A-2A62-4B2B-B8A8-4ED4E70E5D0B}.Release|Any CPU.Build.0 = Release|Any CPU
		{E62F2144-3F50-4D72-9AC8-9D6B4B9CF1E0}.Debug|Any CPU.ActiveCfg = Debug|Any CPU
		{E62F2144-3F50-4D72-9AC8-9D6B4B9CF1E0}.Debug|Any CPU.Build.0 = Debug|Any CPU
		{E62F2144-3F50-4D72-9AC8-9D6B4B9CF1E0}.Release|Any CPU.ActiveCfg = Release|Any CPU
		{E62F2144-3F50-4D72-9AC8-9D6B4B9CF1E0}.Release|Any CPU.Build.0 = Release|Any CPU
	EndGlobalSection
	GlobalSection(SolutionProperties) = preSolution
		HideSolutionNode = FALSE
	EndGlobalSection
EndGlobal
